{
  "nodes": {
    "blueprint": {
      "inputs": {
        "nixpkgs": [
          "nixpkgs"
        ],
        "systems": "systems"
      },
      "locked": {
        "lastModified": 1771437256,
        "narHash": "sha256-bLqwib+rtyBRRVBWhMuBXPCL/OThfokA+j6+uH7jDGU=",
        "owner": "numtide",
        "repo": "blueprint",
        "rev": "06ee7190dc2620ea98af9eb225aa9627b68b0e33",
        "type": "github"
      },
      "original": {
        "owner": "numtide",
        "repo": "blueprint",
        "type": "github"
      }
    },
    "blueprint_2": {
      "inputs": {
        "nixpkgs": "nixpkgs_2",
        "systems": "systems_2"
      },
      "locked": {
        "lastModified": 1771437256,
        "narHash": "sha256-bLqwib+rtyBRRVBWhMuBXPCL/OThfokA+j6+uH7jDGU=",
        "owner": "numtide",
        "repo": "blueprint",
        "rev": "06ee7190dc2620ea98af9eb225aa9627b68b0e33",
        "type": "github"
      },
      "original": {
        "owner": "numtide",
        "repo": "blueprint",
        "type": "github"
      }
    },
    "blueprint_3": {
      "inputs": {
        "nixpkgs": "nixpkgs_7",
        "systems": "systems_6"
      },
      "locked": {
        "lastModified": 1771437256,
        "narHash": "sha256-bLqwib+rtyBRRVBWhMuBXPCL/OThfokA+j6+uH7jDGU=",
        "owner": "numtide",
        "repo": "blueprint",
        "rev": "06ee7190dc2620ea98af9eb225aa9627b68b0e33",
        "type": "github"
      },
      "original": {
        "owner": "numtide",
        "repo": "blueprint",
        "type": "github"
      }
    },
    "catppuccin": {
      "inputs": {
        "nixpkgs": "nixpkgs"
      },
      "locked": {
        "lastModified": 1763111355,
        "narHash": "sha256-iUTS8wV7tCo7A456Ro6ZOJ6Bbk0V5Is3zPd+BmJHJ/Q=",
        "owner": "catppuccin",
        "repo": "nix",
        "rev": "5375a9d80c4b2a835c7203920f997f3ea4224423",
        "type": "github"
      },
      "original": {
        "owner": "catppuccin",
        "ref": "release-25.05",
        "repo": "nix",
        "type": "github"
      }
    },
    "crane": {
      "locked": {
        "lastModified": 1773189535,
        "narHash": "sha256-E1G/Or6MWeP+L6mpQ0iTFLpzSzlpGrITfU2220Gq47g=",
        "owner": "ipetkov",
        "repo": "crane",
        "rev": "6fa2fb4cf4a89ba49fc9dd5a3eb6cde99d388269",
        "type": "github"
      },
      "original": {
        "owner": "ipetkov",
        "repo": "crane",
        "type": "github"
      }
    },
    "daisyui-css": {
      "flake": false,
      "locked": {
        "narHash": "sha256-BrNYp/4ryp8yVz/O1MmgQW9rHgNIlN8KTJmYLaCizOQ=",
        "type": "file",
        "url": "https://cdn.jsdelivr.net/npm/daisyui@5/daisyui.css"
      },
      "original": {
        "type": "file",
        "url": "https://cdn.jsdelivr.net/npm/daisyui@5/daisyui.css"
      }
    },
    "firefox-addons": {
      "inputs": {
        "nixpkgs": [
          "nixpkgs"
        ]
      },
      "locked": {
        "dir": "pkgs/firefox-addons",
        "lastModified": 1775707386,
        "narHash": "sha256-1tNzciseW4+JQTSUxCVz1UhW//LuosLb9f3liFOhrL8=",
        "owner": "rycee",
        "repo": "nur-expressions",
        "rev": "c1db0626fa993fe4e773d4c83df4cbb9684e434f",
        "type": "gitlab"
      },
      "original": {
        "dir": "pkgs/firefox-addons",
        "owner": "rycee",
        "repo": "nur-expressions",
        "type": "gitlab"
      }
    },
    "flake-parts": {
      "inputs": {
        "nixpkgs-lib": [
          "nixvim",
          "nixpkgs"
        ]
      },
      "locked": {
        "lastModified": 1768135262,
        "narHash": "sha256-PVvu7OqHBGWN16zSi6tEmPwwHQ4rLPU9Plvs8/1TUBY=",
        "owner": "hercules-ci",
        "repo": "flake-parts",
        "rev": "80daad04eddbbf5a4d883996a73f3f542fa437ac",
        "type": "github"
      },
      "original": {
        "owner": "hercules-ci",
        "repo": "flake-parts",
        "type": "github"
      }
    },
    "flake-utils": {
      "inputs": {
        "systems": "systems_4"
      },
      "locked": {
        "lastModified": 1731533236,
        "narHash": "sha256-l0KFg5HjrsfsO/JpG+r7fRrqm12kzFHyUHqHCVpMMbI=",
        "owner": "numtide",
        "repo": "flake-utils",
        "rev": "11707dc2f618dd54ca8739b309ec4fc024de578b",
        "type": "github"
      },
      "original": {
        "owner": "numtide",
        "repo": "flake-utils",
        "type": "github"
      }
    },
    "flatpaks": {
      "locked": {
        "lastModified": 1769601081,
        "narHash": "sha256-J0n+J/qfU3xTf5iaMcQrEK4dA5GSYQcw8XJuhZsM1Pc=",
        "owner": "in-a-dil-emma",
        "repo": "declarative-flatpak",
        "rev": "aba8c5ca67444cf4bcd0b02df284de1c93533a19",
        "type": "github"
      },
      "original": {
        "owner": "in-a-dil-emma",
        "ref": "latest",
        "repo": "declarative-flatpak",
        "type": "github"
      }
    },
    "home-manager": {
      "inputs": {
        "nixpkgs": [
          "nixpkgs"
        ]
      },
      "locked": {
        "lastModified": 1775425411,
        "narHash": "sha256-KY6HsebJHEe5nHOWP7ur09mb0drGxYSzE3rQxy62rJo=",
        "owner": "nix-community",
        "repo": "home-manager",
        "rev": "0d02ec1d0a05f88ef9e74b516842900c41f0f2fe",
        "type": "github"
      },
      "original": {
        "owner": "nix-community",
        "ref": "release-25.11",
        "repo": "home-manager",
        "type": "github"
      }
    },
    "htmx-js": {
      "flake": false,
      "locked": {
        "narHash": "sha256-nm6avZuEBg67SSyyZUhjpXVNstHHgUxrtBHqJgowU08=",
        "type": "file",
        "url": "https://unpkg.com/htmx.org@2.0.4/dist/htmx.min.js"
      },
      "original": {
        "type": "file",
        "url": "https://unpkg.com/htmx.org@2.0.4/dist/htmx.min.js"
      }
    },
    "htmx-response-targets-js": {
      "flake": false,
      "locked": {
        "narHash": "sha256-VUdGsfIgtXRz8I/8Twf57Ig3mjNQM/WxEVAqJx4fl8s=",
        "type": "file",
        "url": "https://unpkg.com/htmx-ext-response-targets@2.0.2/response-targets.js"
      },
      "original": {
        "type": "file",
        "url": "https://unpkg.com/htmx-ext-response-targets@2.0.2/response-targets.js"
      }
    },
    "ixx": {
      "inputs": {
        "flake-utils": [
          "nixvim",
          "nuschtosSearch",
          "flake-utils"
        ],
        "nixpkgs": [
          "nixvim",
          "nuschtosSearch",
          "nixpkgs"
        ]
      },
      "locked": {
        "lastModified": 1754860581,
        "narHash": "sha256-EM0IE63OHxXCOpDHXaTyHIOk2cNvMCGPqLt/IdtVxgk=",
        "owner": "NuschtOS",
        "repo": "ixx",
        "rev": "babfe85a876162c4acc9ab6fb4483df88fa1f281",
        "type": "github"
      },
      "original": {
        "owner": "NuschtOS",
        "ref": "v0.1.1",
        "repo": "ixx",
        "type": "github"
      }
    },
    "lucide-js": {
      "flake": false,
      "locked": {
        "narHash": "sha256-W9tg40ZpsMBHy2V9XpUiRbzRHqf/3sicHNCEsTAg59A=",
        "type": "file",
        "url": "https://unpkg.com/lucide@0.577.0/dist/umd/lucide.min.js"
      },
      "original": {
        "type": "file",
        "url": "https://unpkg.com/lucide@0.577.0/dist/umd/lucide.min.js"
      }
    },
    "nix-fonts": {
      "inputs": {
        "blueprint": "blueprint_2",
        "crane": "crane",
        "nixpkgs": "nixpkgs_3",
        "systems": "systems_3"
      },
      "locked": {
        "lastModified": 1773603969,
        "narHash": "sha256-xMra/TokC5NBuhsIjJYE7HCXGuSr1tUkS/TELoUHnj8=",
        "owner": "rutrum",
        "repo": "nix-fonts",
        "rev": "24c6beea72fb1adf7c9c4655ffb2719c7fb157d7",
        "type": "github"
      },
      "original": {
        "owner": "rutrum",
        "repo": "nix-fonts",
        "type": "github"
      }
    },
    "nixpkgs": {
      "locked": {
        "lastModified": 1753749649,
        "narHash": "sha256-+jkEZxs7bfOKfBIk430K+tK9IvXlwzqQQnppC2ZKFj4=",
        "owner": "NixOS",
        "repo": "nixpkgs",
        "rev": "1f08a4df998e21f4e8be8fb6fbf61d11a1a5076a",
        "type": "github"
      },
      "original": {
        "owner": "NixOS",
        "ref": "nixos-25.05",
        "repo": "nixpkgs",
        "type": "github"
      }
    },
    "nixpkgs-unstable": {
      "locked": {
        "lastModified": 1775423009,
        "narHash": "sha256-vPKLpjhIVWdDrfiUM8atW6YkIggCEKdSAlJPzzhkQlw=",
        "owner": "nixos",
        "repo": "nixpkgs",
        "rev": "68d8aa3d661f0e6bd5862291b5bb263b2a6595c9",
        "type": "github"
      },
      "original": {
        "owner": "nixos",
        "ref": "nixos-unstable",
        "repo": "nixpkgs",
        "type": "github"
      }
    },
    "nixpkgs_2": {
      "locked": {
        "lastModified": 1741513245,
        "narHash": "sha256-7rTAMNTY1xoBwz0h7ZMtEcd8LELk9R5TzBPoHuhNSCk=",
        "owner": "nixos",
        "repo": "nixpkgs",
        "rev": "e3e32b642a31e6714ec1b712de8c91a3352ce7e1",
        "type": "github"
      },
      "original": {
        "owner": "nixos",
        "ref": "nixos-unstable",
        "repo": "nixpkgs",
        "type": "github"
      }
    },
    "nixpkgs_3": {
      "locked": {
        "lastModified": 1773282481,
        "narHash": "sha256-b/GV2ysM8mKHhinse2wz+uP37epUrSE+sAKXy/xvBY4=",
        "owner": "NixOS",
        "repo": "nixpkgs",
        "rev": "fe416aaedd397cacb33a610b33d60ff2b431b127",
        "type": "github"
      },
      "original": {
        "owner": "NixOS",
        "ref": "nixos-unstable",
        "repo": "nixpkgs",
        "type": "github"
      }
    },
    "nixpkgs_4": {
      "locked": {
        "lastModified": 1775730577,
        "narHash": "sha256-5i3MKmxBFQP9/wp3QyFWyS7DqURq/M4T8gr1JSbyygI=",
        "owner": "nixos",
        "repo": "nixpkgs",
        "rev": "0d5a853f7004a5fc57b61a97ccb02832f8e7ed9d",
        "type": "github"
      },
      "original": {
        "owner": "nixos",
        "ref": "release-25.11",
        "repo": "nixpkgs",
        "type": "github"
      }
    },
    "nixpkgs_5": {
      "locked": {
        "lastModified": 1768323494,
        "narHash": "sha256-yBXJLE6WCtrGo7LKiB6NOt6nisBEEkguC/lq/rP3zRQ=",
        "owner": "NixOS",
        "repo": "nixpkgs",
        "rev": "2c3e5ec5df46d3aeee2a1da0bfedd74e21f4bf3a",
        "type": "github"
      },
      "original": {
        "owner": "NixOS",
        "ref": "nixos-25.11",
        "repo": "nixpkgs",
        "type": "github"
      }
    },
    "nixpkgs_6": {
      "locked": {
        "lastModified": 1767640445,
        "narHash": "sha256-UWYqmD7JFBEDBHWYcqE6s6c77pWdcU/i+bwD6XxMb8A=",
        "owner": "NixOS",
        "repo": "nixpkgs",
        "rev": "9f0c42f8bc7151b8e7e5840fb3bd454ad850d8c5",
        "type": "github"
      },
      "original": {
        "owner": "NixOS",
        "ref": "nixos-unstable",
        "repo": "nixpkgs",
        "type": "github"
      }
    },
    "nixpkgs_7": {
      "locked": {
        "lastModified": 1741513245,
        "narHash": "sha256-7rTAMNTY1xoBwz0h7ZMtEcd8LELk9R5TzBPoHuhNSCk=",
        "owner": "nixos",
        "repo": "nixpkgs",
        "rev": "e3e32b642a31e6714ec1b712de8c91a3352ce7e1",
        "type": "github"
      },
      "original": {
        "owner": "nixos",
        "ref": "nixos-unstable",
        "repo": "nixpkgs",
        "type": "github"
      }
    },
    "nixpkgs_8": {
      "locked": {
        "lastModified": 1773628058,
        "narHash": "sha256-hpXH0z3K9xv0fHaje136KY872VT2T5uwxtezlAskQgY=",
        "owner": "NixOS",
        "repo": "nixpkgs",
        "rev": "f8573b9c935cfaa162dd62cc9e75ae2db86f85df",
        "type": "github"
      },
      "original": {
        "owner": "NixOS",
        "ref": "nixpkgs-unstable",
        "repo": "nixpkgs",
        "type": "github"
      }
    },
    "nixpkgs_9": {
      "locked": {
        "lastModified": 1775126147,
        "narHash": "sha256-J0dZU4atgcfo4QvM9D92uQ0Oe1eLTxBVXjJzdEMQpD0=",
        "owner": "NixOS",
        "repo": "nixpkgs",
        "rev": "8d8c1fa5b412c223ffa47410867813290cdedfef",
        "type": "github"
      },
      "original": {
        "owner": "NixOS",
        "ref": "nixpkgs-unstable",
        "repo": "nixpkgs",
        "type": "github"
      }
    },
    "nixvim": {
      "inputs": {
        "flake-parts": "flake-parts",
        "nixpkgs": "nixpkgs_5",
        "nuschtosSearch": "nuschtosSearch",
        "systems": "systems_5"
      },
      "locked": {
        "lastModified": 1769049374,
        "narHash": "sha256-h0Os2qqNyycDY1FyZgtbn28VF1ySP74/n0f+LDd8j+w=",
        "owner": "nix-community",
        "repo": "nixvim",
        "rev": "b8f76bf5751835647538ef8784e4e6ee8deb8f95",
        "type": "github"
      },
      "original": {
        "owner": "nix-community",
        "ref": "nixos-25.11",
        "repo": "nixvim",
        "type": "github"
      }
    },
    "nuschtosSearch": {
      "inputs": {
        "flake-utils": "flake-utils",
        "ixx": "ixx",
        "nixpkgs": [
          "nixvim",
          "nixpkgs"
        ]
      },
      "locked": {
        "lastModified": 1768249818,
        "narHash": "sha256-ANfn5OqIxq3HONPIXZ6zuI5sLzX1sS+2qcf/Pa0kQEc=",
        "owner": "NuschtOS",
        "repo": "search",
        "rev": "b6f77b88e9009bfde28e2130e218e5123dc66796",
        "type": "github"
      },
      "original": {
        "owner": "NuschtOS",
        "repo": "search",
        "type": "github"
      }
    },
    "openspec": {
      "inputs": {
        "nixpkgs": "nixpkgs_6"
      },
      "locked": {
        "lastModified": 1775719605,
        "narHash": "sha256-PzDedIKuGvASrghfb3VAsfV6krBtBfSto3yjTJYGz6E=",
        "owner": "Fission-AI",
        "repo": "OpenSpec",
        "rev": "7fd5417ed01b7b035782561c14ef731117fddaff",
        "type": "github"
      },
      "original": {
        "owner": "Fission-AI",
        "repo": "OpenSpec",
        "type": "github"
      }
    },
    "pipances": {
      "inputs": {
        "blueprint": "blueprint_3",
        "daisyui-css": "daisyui-css",
        "htmx-js": "htmx-js",
        "htmx-response-targets-js": "htmx-response-targets-js",
        "lucide-js": "lucide-js",
        "nixpkgs": "nixpkgs_8",
        "pyproject-build-systems": "pyproject-build-systems",
        "pyproject-nix": "pyproject-nix",
        "uv2nix": "uv2nix",
        "vega-embed-js": "vega-embed-js",
        "vega-js": "vega-js",
        "vega-lite-js": "vega-lite-js"
      },
      "locked": {
        "lastModified": 1775991638,
        "narHash": "sha256-u1I3PIVN9QBK8uIcMwZQ80//O04lFCYuovmoxfktulM=",
        "owner": "rutrum",
        "repo": "pipances",
        "rev": "8fde4d5ce39c4a64e8d96364daf94dfa910b575f",
        "type": "github"
      },
      "original": {
        "owner": "rutrum",
        "repo": "pipances",
        "type": "github"
      }
    },
    "pyproject-build-systems": {
      "inputs": {
        "nixpkgs": [
          "pipances",
          "nixpkgs"
        ],
        "pyproject-nix": [
          "pipances",
          "pyproject-nix"
        ],
        "uv2nix": [
          "pipances",
          "uv2nix"
        ]
      },
      "locked": {
        "lastModified": 1773870109,
        "narHash": "sha256-ZoTdqZP03DcdoyxvpFHCAek4bkPUTUPUF3oCCgc3dP4=",
        "owner": "pyproject-nix",
        "repo": "build-system-pkgs",
        "rev": "b6e74f433b02fa4b8a7965ee24680f4867e2926f",
        "type": "github"
      },
      "original": {
        "owner": "pyproject-nix",
        "repo": "build-system-pkgs",
        "type": "github"
      }
    },
    "pyproject-nix": {
      "inputs": {
        "nixpkgs": [
          "pipances",
          "nixpkgs"
        ]
      },
      "locked": {
        "lastModified": 1773909723,
        "narHash": "sha256-HmcZQ/hMPHR22Ri/6Sl7Z0B5J8nZa9bRnZJtDFInM7I=",
        "owner": "pyproject-nix",
        "repo": "pyproject.nix",
        "rev": "d37dcf34ac7194eac4b0d10520d01298c434267d",
        "type": "github"
      },
      "original": {
        "owner": "pyproject-nix",
        "repo": "pyproject.nix",
        "type": "github"
      }
    },
    "root": {
      "inputs": {
        "blueprint": "blueprint",
        "catppuccin": "catppuccin",
        "firefox-addons": "firefox-addons",
        "flatpaks": "flatpaks",
        "home-manager": "home-manager",
        "nix-fonts": "nix-fonts",
        "nixpkgs": "nixpkgs_4",
        "nixpkgs-unstable": "nixpkgs-unstable",
        "nixvim": "nixvim",
        "openspec": "openspec",
        "pipances": "pipances",
        "sops-nix": "sops-nix",
        "vpn-confinement": "vpn-confinement"
      }
    },
    "sops-nix": {
      "inputs": {
        "nixpkgs": "nixpkgs_9"
      },
      "locked": {
        "lastModified": 1775682595,
        "narHash": "sha256-0E9PohY/VuESLq0LR4doaH7hTag513sDDW5n5qmHd1Q=",
        "owner": "Mic92",
        "repo": "sops-nix",
        "rev": "d2e8438d5886e92bc5e7c40c035ab6cae0c41f76",
        "type": "github"
      },
      "original": {
        "owner": "Mic92",
        "repo": "sops-nix",
        "type": "github"
      }
    },
    "systems": {
      "locked": {
        "lastModified": 1681028828,
        "narHash": "sha256-Vy1rq5AaRuLzOxct8nz4T6wlgyUR7zLU309k9mBC768=",
        "owner": "nix-systems",
        "repo": "default",
        "rev": "da67096a3b9bf56a91d16901293e51ba5b49a27e",
        "type": "github"
      },
      "original": {
        "owner": "nix-systems",
        "repo": "default",
        "type": "github"
      }
    },
    "systems_2": {
      "locked": {
        "lastModified": 1681028828,
        "narHash": "sha256-Vy1rq5AaRuLzOxct8nz4T6wlgyUR7zLU309k9mBC768=",
        "owner": "nix-systems",
        "repo": "default",
        "rev": "da67096a3b9bf56a91d16901293e51ba5b49a27e",
        "type": "github"
      },
      "original": {
        "owner": "nix-systems",
        "repo": "default",
        "type": "github"
      }
    },
    "systems_3": {
      "locked": {
        "lastModified": 1681028828,
        "narHash": "sha256-Vy1rq5AaRuLzOxct8nz4T6wlgyUR7zLU309k9mBC768=",
        "owner": "nix-systems",
        "repo": "default",
        "rev": "da67096a3b9bf56a91d16901293e51ba5b49a27e",
        "type": "github"
      },
      "original": {
        "owner": "nix-systems",
        "repo": "default",
        "type": "github"
      }
    },
    "systems_4": {
      "locked": {
        "lastModified": 1681028828,
        "narHash": "sha256-Vy1rq5AaRuLzOxct8nz4T6wlgyUR7zLU309k9mBC768=",
        "owner": "nix-systems",
        "repo": "default",
        "rev": "da67096a3b9bf56a91d16901293e51ba5b49a27e",
        "type": "github"
      },
      "original": {
        "owner": "nix-systems",
        "repo": "default",
        "type": "github"
      }
    },
    "systems_5": {
      "locked": {
        "lastModified": 1681028828,
        "narHash": "sha256-Vy1rq5AaRuLzOxct8nz4T6wlgyUR7zLU309k9mBC768=",
        "owner": "nix-systems",
        "repo": "default",
        "rev": "da67096a3b9bf56a91d16901293e51ba5b49a27e",
        "type": "github"
      },
      "original": {
        "owner": "nix-systems",
        "repo": "default",
        "type": "github"
      }
    },
    "systems_6": {
      "locked": {
        "lastModified": 1681028828,
        "narHash": "sha256-Vy1rq5AaRuLzOxct8nz4T6wlgyUR7zLU309k9mBC768=",
        "owner": "nix-systems",
        "repo": "default",
        "rev": "da67096a3b9bf56a91d16901293e51ba5b49a27e",
        "type": "github"
      },
      "original": {
        "owner": "nix-systems",
        "repo": "default",
        "type": "github"
      }
    },
    "uv2nix": {
      "inputs": {
        "nixpkgs": [
          "pipances",
          "nixpkgs"
        ],
        "pyproject-nix": [
          "pipances",
          "pyproject-nix"
        ]
      },
      "locked": {
        "lastModified": 1773958975,
        "narHash": "sha256-Lr2k67KFPxPLqMtCWvwfg30S8huAEpEY9UcXHfi1Q+4=",
        "owner": "pyproject-nix",
        "repo": "uv2nix",
        "rev": "ffd52b90f29babbc4f309c29f2a2cdd6547be443",
        "type": "github"
      },
      "original": {
        "owner": "pyproject-nix",
        "repo": "uv2nix",
        "type": "github"
      }
    },
    "vega-embed-js": {
      "flake": false,
      "locked": {
        "narHash": "sha256-rOzLkTwFpdItHJLjWIpVdH2voaANv+/Wm1ZBX0ZApcQ=",
        "type": "file",
        "url": "https://cdn.jsdelivr.net/npm/vega-embed@6.29.0/build/vega-embed.min.js"
      },
      "original": {
        "type": "file",
        "url": "https://cdn.jsdelivr.net/npm/vega-embed@6.29.0/build/vega-embed.min.js"
      }
    },
    "vega-js": {
      "flake": false,
      "locked": {
        "narHash": "sha256-AjCcAjVbblqPa2JjWutf+6TVf+74kyHnKhScwEXKEYI=",
        "type": "file",
        "url": "https://cdn.jsdelivr.net/npm/vega@5.33.1/build/vega.min.js"
      },
      "original": {
        "type": "file",
        "url": "https://cdn.jsdelivr.net/npm/vega@5.33.1/build/vega.min.js"
      }
    },
    "vega-lite-js": {
      "flake": false,
      "locked": {
        "narHash": "sha256-kiBlWn//UFjjhubudlGYxiTagZ+WILsw6fd4J1uQdns=",
        "type": "file",
        "url": "https://cdn.jsdelivr.net/npm/vega-lite@5.23.0/build/vega-lite.min.js"
      },
      "original": {
        "type": "file",
        "url": "https://cdn.jsdelivr.net/npm/vega-lite@5.23.0/build/vega-lite.min.js"
      }
    },
    "vpn-confinement": {
      "locked": {
        "lastModified": 1767604552,
        "narHash": "sha256-FddhMxnc99KYOZ/S3YNqtDSoxisIhVtJ7L4s8XD2u0A=",
        "owner": "Maroka-chan",
        "repo": "VPN-Confinement",
        "rev": "a6b2da727853886876fd1081d6bb2880752937f3",
        "type": "github"
      },
      "original": {
        "owner": "Maroka-chan",
        "repo": "VPN-Confinement",
        "type": "github"
      }
    }
  },
  "root": "root",
  "version": 7
}
