{
  "nodes": {
    "eww-repo": {
      "flake": false,
      "locked": {
        "lastModified": 1692366702,
        "narHash": "sha256-GEysmNDm+olt1WXHzRwb4ZLifkXmeP5+APAN3b81/Og=",
        "owner": "elkowar",
        "repo": "eww",
        "rev": "a9a35c1804d72ef92e04ee71555bd9e5a08fa17e",
        "type": "github"
      },
      "original": {
        "owner": "elkowar",
        "repo": "eww",
        "type": "github"
      }
    },
    "home-manager": {
      "inputs": {
        "nixpkgs": [
          "nixpkgs"
        ]
      },
      "locked": {
        "lastModified": 1692763155,
        "narHash": "sha256-qMrGKZ8c/q/mHO3ZdrcBPwiVVXPLLgXjY98Ejqb5kAA=",
        "owner": "nix-community",
        "repo": "home-manager",
        "rev": "6a20e40acaebf067da682661aa67da8b36812606",
        "type": "github"
      },
      "original": {
        "owner": "nix-community",
        "repo": "home-manager",
        "type": "github"
      }
    },
    "nixpkgs": {
      "locked": {
        "lastModified": 1692913444,
        "narHash": "sha256-1SvMQm2DwofNxXVtNWWtIcTh7GctEVrS/Xel/mdc6iY=",
        "owner": "nixos",
        "repo": "nixpkgs",
        "rev": "18324978d632ffc55ef1d928e81630c620f4f447",
        "type": "github"
      },
      "original": {
        "owner": "nixos",
        "ref": "nixos-unstable",
        "repo": "nixpkgs",
        "type": "github"
      }
    },
    "nixpkgs-stable": {
      "locked": {
        "lastModified": 1693029710,
        "narHash": "sha256-ktS4Cr6X0oFR+6a8l9o0mJdRGPb5gSASgboNSW3DmjY=",
        "owner": "nixos",
        "repo": "nixpkgs",
        "rev": "9977d6e3dd3bcd105dff6cdc8627cb50eb03999f",
        "type": "github"
      },
      "original": {
        "owner": "nixos",
        "ref": "release-23.05",
        "repo": "nixpkgs",
        "type": "github"
      }
    },
    "root": {
      "inputs": {
        "eww-repo": "eww-repo",
        "home-manager": "home-manager",
        "nixpkgs": "nixpkgs",
        "nixpkgs-stable": "nixpkgs-stable"
      }
    }
  },
  "root": "root",
  "version": 7
}
