{
  "name": "git-block",
  "lockfileVersion": 3,
  "requires": true,
  "packages": {
    "": {
      "name": "git-block",
      "dependencies": {
        "unbash": "^4.0.10"
      }
    },
    "node_modules/unbash": {
      "version": "4.0.10",
      "resolved": "https://registry.npmjs.org/unbash/-/unbash-4.0.10.tgz",
      "integrity": "sha512-b7zoBQvpWp0vuN5q2vK2RRBR2SvuruQAs50DApdDveBSn3eSYd84IaHodFqQIMlvY9K2VnyBUEXgwOBuGU9GBg==",
      "license": "ISC",
      "engines": {
        "node": ">=14"
      }
    }
  }
}
